// !$*UTF8*$!
{
	archiveVersion = 1;
	classes = {
	};
	objectVersion = 46;
	objects = {

/* Begin PBXAggregateTarget section */
		11BDB43B180F03E40012A05C /* mogenerator */ = {
			isa = PBXAggregateTarget;
			buildConfigurationList = 11BDB43C180F03E40012A05C /* Build configuration list for PBXAggregateTarget "mogenerator" */;
			buildPhases = (
				11BDB43F180F03EC0012A05C /* ShellScript */,
			);
			dependencies = (
			);
			name = mogenerator;
			productName = mogenerator;
		};
/* End PBXAggregateTarget section */

/* Begin PBXBuildFile section */
		11BDB400180EF8340012A05C /* UIKit.framework in Frameworks */ = {isa = PBXBuildFile; fileRef = 11BDB3FF180EF8340012A05C /* UIKit.framework */; };
		11BDB402180EF8340012A05C /* Foundation.framework in Frameworks */ = {isa = PBXBuildFile; fileRef = 11BDB401180EF8340012A05C /* Foundation.framework */; };
		11BDB404180EF8340012A05C /* CoreGraphics.framework in Frameworks */ = {isa = PBXBuildFile; fileRef = 11BDB403180EF8340012A05C /* CoreGraphics.framework */; };
		11BDB406180EF8340012A05C /* CoreData.framework in Frameworks */ = {isa = PBXBuildFile; fileRef = 11BDB405180EF8340012A05C /* CoreData.framework */; };
		11BDB40C180EF8340012A05C /* InfoPlist.strings in Resources */ = {isa = PBXBuildFile; fileRef = 11BDB40A180EF8340012A05C /* InfoPlist.strings */; };
		11BDB40E180EF8340012A05C /* main.m in Sources */ = {isa = PBXBuildFile; fileRef = 11BDB40D180EF8340012A05C /* main.m */; };
		11BDB412180EF8340012A05C /* CTAppDelegate.m in Sources */ = {isa = PBXBuildFile; fileRef = 11BDB411180EF8340012A05C /* CTAppDelegate.m */; };
		11BDB427180EFE250012A05C /* Default-568h@2x.png in Resources */ = {isa = PBXBuildFile; fileRef = 11BDB424180EFE250012A05C /* Default-568h@2x.png */; };
		11BDB428180EFE250012A05C /* Default.png in Resources */ = {isa = PBXBuildFile; fileRef = 11BDB425180EFE250012A05C /* Default.png */; };
		11BDB429180EFE250012A05C /* Default@2x.png in Resources */ = {isa = PBXBuildFile; fileRef = 11BDB426180EFE250012A05C /* Default@2x.png */; };
		11BDB42E180EFE8A0012A05C /* CTBaseController.m in Sources */ = {isa = PBXBuildFile; fileRef = 11BDB42D180EFE8A0012A05C /* CTBaseController.m */; };
		11BDB433180EFF320012A05C /* CTChatController.m in Sources */ = {isa = PBXBuildFile; fileRef = 11BDB431180EFF320012A05C /* CTChatController.m */; };
		11BDB434180EFF320012A05C /* CTChatController.xib in Resources */ = {isa = PBXBuildFile; fileRef = 11BDB432180EFF320012A05C /* CTChatController.xib */; };
		11BDB43A180F03600012A05C /* Karizma.xcdatamodeld in Sources */ = {isa = PBXBuildFile; fileRef = 11BDB437180F03600012A05C /* Karizma.xcdatamodeld */; };
		11BDB445180F04790012A05C /* CTBOBase.m in Sources */ = {isa = PBXBuildFile; fileRef = 11BDB441180F04790012A05C /* CTBOBase.m */; };
		11BDB446180F04790012A05C /* _CTBOBase.m in Sources */ = {isa = PBXBuildFile; fileRef = 11BDB444180F04790012A05C /* _CTBOBase.m */; };
		3761BD9147344605AFAAE409 /* libPods.a in Frameworks */ = {isa = PBXBuildFile; fileRef = 5FE25D06C4B94F4EBB49193C /* libPods.a */; };
/* End PBXBuildFile section */

/* Begin PBXFileReference section */
		11BDB3FC180EF8340012A05C /* Karizma.app */ = {isa = PBXFileReference; explicitFileType = wrapper.application; includeInIndex = 0; path = Karizma.app; sourceTree = BUILT_PRODUCTS_DIR; };
		11BDB3FF180EF8340012A05C /* UIKit.framework */ = {isa = PBXFileReference; lastKnownFileType = wrapper.framework; name = UIKit.framework; path = System/Library/Frameworks/UIKit.framework; sourceTree = SDKROOT; };
		11BDB401180EF8340012A05C /* Foundation.framework */ = {isa = PBXFileReference; lastKnownFileType = wrapper.framework; name = Foundation.framework; path = System/Library/Frameworks/Foundation.framework; sourceTree = SDKROOT; };
		11BDB403180EF8340012A05C /* CoreGraphics.framework */ = {isa = PBXFileReference; lastKnownFileType = wrapper.framework; name = CoreGraphics.framework; path = System/Library/Frameworks/CoreGraphics.framework; sourceTree = SDKROOT; };
		11BDB405180EF8340012A05C /* CoreData.framework */ = {isa = PBXFileReference; lastKnownFileType = wrapper.framework; name = CoreData.framework; path = System/Library/Frameworks/CoreData.framework; sourceTree = SDKROOT; };
		11BDB409180EF8340012A05C /* Karizma-Info.plist */ = {isa = PBXFileReference; lastKnownFileType = text.plist.xml; path = "Karizma-Info.plist"; sourceTree = "<group>"; };
		11BDB40B180EF8340012A05C /* en */ = {isa = PBXFileReference; lastKnownFileType = text.plist.strings; name = en; path = en.lproj/InfoPlist.strings; sourceTree = "<group>"; };
		11BDB40D180EF8340012A05C /* main.m */ = {isa = PBXFileReference; lastKnownFileType = sourcecode.c.objc; path = main.m; sourceTree = "<group>"; };
		11BDB40F180EF8340012A05C /* Karizma-Prefix.pch */ = {isa = PBXFileReference; lastKnownFileType = sourcecode.c.h; path = "Karizma-Prefix.pch"; sourceTree = "<group>"; };
		11BDB410180EF8340012A05C /* CTAppDelegate.h */ = {isa = PBXFileReference; lastKnownFileType = sourcecode.c.h; path = CTAppDelegate.h; sourceTree = "<group>"; };
		11BDB411180EF8340012A05C /* CTAppDelegate.m */ = {isa = PBXFileReference; lastKnownFileType = sourcecode.c.objc; path = CTAppDelegate.m; sourceTree = "<group>"; };
		11BDB424180EFE250012A05C /* Default-568h@2x.png */ = {isa = PBXFileReference; lastKnownFileType = image.png; path = "Default-568h@2x.png"; sourceTree = "<group>"; };
		11BDB425180EFE250012A05C /* Default.png */ = {isa = PBXFileReference; lastKnownFileType = image.png; path = Default.png; sourceTree = "<group>"; };
		11BDB426180EFE250012A05C /* Default@2x.png */ = {isa = PBXFileReference; lastKnownFileType = image.png; path = "Default@2x.png"; sourceTree = "<group>"; };
		11BDB42C180EFE8A0012A05C /* CTBaseController.h */ = {isa = PBXFileReference; fileEncoding = 4; lastKnownFileType = sourcecode.c.h; path = CTBaseController.h; sourceTree = "<group>"; };
		11BDB42D180EFE8A0012A05C /* CTBaseController.m */ = {isa = PBXFileReference; fileEncoding = 4; lastKnownFileType = sourcecode.c.objc; path = CTBaseController.m; sourceTree = "<group>"; };
		11BDB430180EFF320012A05C /* CTChatController.h */ = {isa = PBXFileReference; fileEncoding = 4; lastKnownFileType = sourcecode.c.h; path = CTChatController.h; sourceTree = "<group>"; };
		11BDB431180EFF320012A05C /* CTChatController.m */ = {isa = PBXFileReference; fileEncoding = 4; lastKnownFileType = sourcecode.c.objc; path = CTChatController.m; sourceTree = "<group>"; };
		11BDB432180EFF320012A05C /* CTChatController.xib */ = {isa = PBXFileReference; fileEncoding = 4; lastKnownFileType = file.xib; path = CTChatController.xib; sourceTree = "<group>"; };
		11BDB435180F02A70012A05C /* Defines.h */ = {isa = PBXFileReference; lastKnownFileType = sourcecode.c.h; path = Defines.h; sourceTree = "<group>"; };
		11BDB438180F03600012A05C /* Karizma.xcdatamodel */ = {isa = PBXFileReference; lastKnownFileType = wrapper.xcdatamodel; path = Karizma.xcdatamodel; sourceTree = "<group>"; };
		11BDB440180F04790012A05C /* CTBOBase.h */ = {isa = PBXFileReference; fileEncoding = 4; lastKnownFileType = sourcecode.c.h; path = CTBOBase.h; sourceTree = "<group>"; };
		11BDB441180F04790012A05C /* CTBOBase.m */ = {isa = PBXFileReference; fileEncoding = 4; lastKnownFileType = sourcecode.c.objc; path = CTBOBase.m; sourceTree = "<group>"; };
		11BDB443180F04790012A05C /* _CTBOBase.h */ = {isa = PBXFileReference; fileEncoding = 4; lastKnownFileType = sourcecode.c.h; path = _CTBOBase.h; sourceTree = "<group>"; };
		11BDB444180F04790012A05C /* _CTBOBase.m */ = {isa = PBXFileReference; fileEncoding = 4; lastKnownFileType = sourcecode.c.objc; path = _CTBOBase.m; sourceTree = "<group>"; };
		5FE25D06C4B94F4EBB49193C /* libPods.a */ = {isa = PBXFileReference; explicitFileType = archive.ar; includeInIndex = 0; path = libPods.a; sourceTree = BUILT_PRODUCTS_DIR; };
		7EEDFE40F94C4C58B452BBAC /* Pods.xcconfig */ = {isa = PBXFileReference; includeInIndex = 1; lastKnownFileType = text.xcconfig; name = Pods.xcconfig; path = Pods/Pods.xcconfig; sourceTree = "<group>"; };
/* End PBXFileReference section */

/* Begin PBXFrameworksBuildPhase section */
		11BDB3F9180EF8340012A05C /* Frameworks */ = {
			isa = PBXFrameworksBuildPhase;
			buildActionMask = 2147483647;
			files = (
				11BDB400180EF8340012A05C /* UIKit.framework in Frameworks */,
				11BDB402180EF8340012A05C /* Foundation.framework in Frameworks */,
				11BDB404180EF8340012A05C /* CoreGraphics.framework in Frameworks */,
				11BDB406180EF8340012A05C /* CoreData.framework in Frameworks */,
				3761BD9147344605AFAAE409 /* libPods.a in Frameworks */,
			);
			runOnlyForDeploymentPostprocessing = 0;
		};
/* End PBXFrameworksBuildPhase section */

/* Begin PBXGroup section */
		11BDB3F3180EF8340012A05C = {
			isa = PBXGroup;
			children = (
				11BDB407180EF8340012A05C /* Karizma */,
				11BDB3FE180EF8340012A05C /* Frameworks */,
				11BDB3FD180EF8340012A05C /* Products */,
				7EEDFE40F94C4C58B452BBAC /* Pods.xcconfig */,
			);
			sourceTree = "<group>";
		};
		11BDB3FD180EF8340012A05C /* Products */ = {
			isa = PBXGroup;
			children = (
				11BDB3FC180EF8340012A05C /* Karizma.app */,
			);
			name = Products;
			sourceTree = "<group>";
		};
		11BDB3FE180EF8340012A05C /* Frameworks */ = {
			isa = PBXGroup;
			children = (
				11BDB3FF180EF8340012A05C /* UIKit.framework */,
				11BDB401180EF8340012A05C /* Foundation.framework */,
				11BDB403180EF8340012A05C /* CoreGraphics.framework */,
				11BDB405180EF8340012A05C /* CoreData.framework */,
				5FE25D06C4B94F4EBB49193C /* libPods.a */,
			);
			name = Frameworks;
			sourceTree = "<group>";
		};
		11BDB407180EF8340012A05C /* Karizma */ = {
			isa = PBXGroup;
			children = (
				11BDB410180EF8340012A05C /* CTAppDelegate.h */,
				11BDB411180EF8340012A05C /* CTAppDelegate.m */,
				11BDB436180F03600012A05C /* CoreData */,
				11BDB42A180EFE770012A05C /* GUI */,
				11BDB408180EF8340012A05C /* Supporting Files */,
				11BDB421180EFE250012A05C /* Resources */,
			);
			path = Karizma;
			sourceTree = "<group>";
		};
		11BDB408180EF8340012A05C /* Supporting Files */ = {
			isa = PBXGroup;
			children = (
				11BDB409180EF8340012A05C /* Karizma-Info.plist */,
				11BDB40A180EF8340012A05C /* InfoPlist.strings */,
				11BDB40D180EF8340012A05C /* main.m */,
				11BDB40F180EF8340012A05C /* Karizma-Prefix.pch */,
				11BDB435180F02A70012A05C /* Defines.h */,
			);
			name = "Supporting Files";
			sourceTree = "<group>";
		};
		11BDB421180EFE250012A05C /* Resources */ = {
			isa = PBXGroup;
			children = (
				11BDB422180EFE250012A05C /* Graphics */,
			);
			path = Resources;
			sourceTree = "<group>";
		};
		11BDB422180EFE250012A05C /* Graphics */ = {
			isa = PBXGroup;
			children = (
				11BDB423180EFE250012A05C /* Splash */,
			);
			path = Graphics;
			sourceTree = "<group>";
		};
		11BDB423180EFE250012A05C /* Splash */ = {
			isa = PBXGroup;
			children = (
				11BDB424180EFE250012A05C /* Default-568h@2x.png */,
				11BDB425180EFE250012A05C /* Default.png */,
				11BDB426180EFE250012A05C /* Default@2x.png */,
			);
			path = Splash;
			sourceTree = "<group>";
		};
		11BDB42A180EFE770012A05C /* GUI */ = {
			isa = PBXGroup;
			children = (
				11BDB42B180EFE770012A05C /* Base */,
				11BDB42F180EFE9E0012A05C /* Chat */,
			);
			path = GUI;
			sourceTree = "<group>";
		};
		11BDB42B180EFE770012A05C /* Base */ = {
			isa = PBXGroup;
			children = (
				11BDB42C180EFE8A0012A05C /* CTBaseController.h */,
				11BDB42D180EFE8A0012A05C /* CTBaseController.m */,
			);
			path = Base;
			sourceTree = "<group>";
		};
		11BDB42F180EFE9E0012A05C /* Chat */ = {
			isa = PBXGroup;
			children = (
				11BDB430180EFF320012A05C /* CTChatController.h */,
				11BDB431180EFF320012A05C /* CTChatController.m */,
				11BDB432180EFF320012A05C /* CTChatController.xib */,
			);
			path = Chat;
			sourceTree = "<group>";
		};
		11BDB436180F03600012A05C /* CoreData */ = {
			isa = PBXGroup;
			children = (
				11BDB439180F03600012A05C /* Models */,
				11BDB437180F03600012A05C /* Karizma.xcdatamodeld */,
			);
			path = CoreData;
			sourceTree = "<group>";
		};
		11BDB439180F03600012A05C /* Models */ = {
			isa = PBXGroup;
			children = (
				11BDB440180F04790012A05C /* CTBOBase.h */,
				11BDB441180F04790012A05C /* CTBOBase.m */,
				11BDB442180F04790012A05C /* RAW */,
			);
			path = Models;
			sourceTree = "<group>";
		};
		11BDB442180F04790012A05C /* RAW */ = {
			isa = PBXGroup;
			children = (
				11BDB443180F04790012A05C /* _CTBOBase.h */,
				11BDB444180F04790012A05C /* _CTBOBase.m */,
			);
			path = RAW;
			sourceTree = "<group>";
		};
/* End PBXGroup section */

/* Begin PBXNativeTarget section */
		11BDB3FB180EF8340012A05C /* Karizma */ = {
			isa = PBXNativeTarget;
			buildConfigurationList = 11BDB41E180EF8340012A05C /* Build configuration list for PBXNativeTarget "Karizma" */;
			buildPhases = (
				85CE42D49DFE48EC87A70B3F /* Check Pods Manifest.lock */,
				11BDB3F8180EF8340012A05C /* Sources */,
				11BDB3F9180EF8340012A05C /* Frameworks */,
				11BDB3FA180EF8340012A05C /* Resources */,
				7B1A3D6EF8624D1094B349BD /* Copy Pods Resources */,
			);
			buildRules = (
			);
			dependencies = (
			);
			name = Karizma;
			productName = Karizma;
			productReference = 11BDB3FC180EF8340012A05C /* Karizma.app */;
			productType = "com.apple.product-type.application";
		};
/* End PBXNativeTarget section */

/* Begin PBXProject section */
		11BDB3F4180EF8340012A05C /* Project object */ = {
			isa = PBXProject;
			attributes = {
				CLASSPREFIX = CT;
				LastUpgradeCheck = 0460;
				ORGANIZATIONNAME = Caiguda;
			};
			buildConfigurationList = 11BDB3F7180EF8340012A05C /* Build configuration list for PBXProject "Karizma" */;
			compatibilityVersion = "Xcode 3.2";
			developmentRegion = English;
			hasScannedForEncodings = 0;
			knownRegions = (
				en,
			);
			mainGroup = 11BDB3F3180EF8340012A05C;
			productRefGroup = 11BDB3FD180EF8340012A05C /* Products */;
			projectDirPath = "";
			projectRoot = "";
			targets = (
				11BDB3FB180EF8340012A05C /* Karizma */,
				11BDB43B180F03E40012A05C /* mogenerator */,
			);
		};
/* End PBXProject section */

/* Begin PBXResourcesBuildPhase section */
		11BDB3FA180EF8340012A05C /* Resources */ = {
			isa = PBXResourcesBuildPhase;
			buildActionMask = 2147483647;
			files = (
				11BDB40C180EF8340012A05C /* InfoPlist.strings in Resources */,
				11BDB427180EFE250012A05C /* Default-568h@2x.png in Resources */,
				11BDB428180EFE250012A05C /* Default.png in Resources */,
				11BDB429180EFE250012A05C /* Default@2x.png in Resources */,
				11BDB434180EFF320012A05C /* CTChatController.xib in Resources */,
			);
			runOnlyForDeploymentPostprocessing = 0;
		};
/* End PBXResourcesBuildPhase section */

/* Begin PBXShellScriptBuildPhase section */
		11BDB43F180F03EC0012A05C /* ShellScript */ = {
			isa = PBXShellScriptBuildPhase;
			buildActionMask = 2147483647;
			files = (
			);
			inputPaths = (
			);
			outputPaths = (
			);
			runOnlyForDeploymentPostprocessing = 0;
			shellPath = /bin/sh;
			shellScript = "cd Karizma/CoreData\nmogenerator --machine-dir \"./Models/RAW\" --human-dir \"./Models\" --includeh Models.h --template-var arc=true -m ./Karizma.xcdatamodeld/Karizma.xcdatamodel";
		};
		7B1A3D6EF8624D1094B349BD /* Copy Pods Resources */ = {
			isa = PBXShellScriptBuildPhase;
			buildActionMask = 2147483647;
			files = (
			);
			inputPaths = (
			);
			name = "Copy Pods Resources";
			outputPaths = (
			);
			runOnlyForDeploymentPostprocessing = 0;
			shellPath = /bin/sh;
			shellScript = "\"${SRCROOT}/Pods/Pods-resources.sh\"\n";
			showEnvVarsInLog = 0;
		};
		85CE42D49DFE48EC87A70B3F /* Check Pods Manifest.lock */ = {
			isa = PBXShellScriptBuildPhase;
			buildActionMask = 2147483647;
			files = (
			);
			inputPaths = (
			);
			name = "Check Pods Manifest.lock";
			outputPaths = (
			);
			runOnlyForDeploymentPostprocessing = 0;
			shellPath = /bin/sh;
			shellScript = "diff \"${PODS_ROOT}/../Podfile.lock\" \"${PODS_ROOT}/Manifest.lock\" > /dev/null\nif [[ $? != 0 ]] ; then\n    cat << EOM\nerror: The sandbox is not in sync with the Podfile.lock. Run 'pod install' or update your CocoaPods installation.\nEOM\n    exit 1\nfi\n";
			showEnvVarsInLog = 0;
		};
/* End PBXShellScriptBuildPhase section */

/* Begin PBXSourcesBuildPhase section */
		11BDB3F8180EF8340012A05C /* Sources */ = {
			isa = PBXSourcesBuildPhase;
			buildActionMask = 2147483647;
			files = (
				11BDB40E180EF8340012A05C /* main.m in Sources */,
				11BDB412180EF8340012A05C /* CTAppDelegate.m in Sources */,
				11BDB42E180EFE8A0012A05C /* CTBaseController.m in Sources */,
				11BDB433180EFF320012A05C /* CTChatController.m in Sources */,
				11BDB43A180F03600012A05C /* Karizma.xcdatamodeld in Sources */,
				11BDB445180F04790012A05C /* CTBOBase.m in Sources */,
				11BDB446180F04790012A05C /* _CTBOBase.m in Sources */,
			);
			runOnlyForDeploymentPostprocessing = 0;
		};
/* End PBXSourcesBuildPhase section */

/* Begin PBXVariantGroup section */
		11BDB40A180EF8340012A05C /* InfoPlist.strings */ = {
			isa = PBXVariantGroup;
			children = (
				11BDB40B180EF8340012A05C /* en */,
			);
			name = InfoPlist.strings;
			sourceTree = "<group>";
		};
/* End PBXVariantGroup section */

/* Begin XCBuildConfiguration section */
		11BDB41C180EF8340012A05C /* Debug */ = {
			isa = XCBuildConfiguration;
			buildSettings = {
				ALWAYS_SEARCH_USER_PATHS = NO;
				CLANG_CXX_LANGUAGE_STANDARD = "gnu++0x";
				CLANG_CXX_LIBRARY = "libc++";
				CLANG_ENABLE_OBJC_ARC = YES;
				CLANG_WARN_CONSTANT_CONVERSION = YES;
				CLANG_WARN_EMPTY_BODY = YES;
				CLANG_WARN_ENUM_CONVERSION = YES;
				CLANG_WARN_INT_CONVERSION = YES;
				CLANG_WARN__DUPLICATE_METHOD_MATCH = YES;
				"CODE_SIGN_IDENTITY[sdk=iphoneos*]" = "iPhone Developer";
				COPY_PHASE_STRIP = NO;
				GCC_C_LANGUAGE_STANDARD = gnu99;
				GCC_DYNAMIC_NO_PIC = NO;
				GCC_OPTIMIZATION_LEVEL = 0;
				GCC_PREPROCESSOR_DEFINITIONS = (
					"DEBUG=1",
					"$(inherited)",
				);
				GCC_SYMBOLS_PRIVATE_EXTERN = NO;
				GCC_WARN_ABOUT_RETURN_TYPE = YES;
				GCC_WARN_UNINITIALIZED_AUTOS = YES;
				GCC_WARN_UNUSED_VARIABLE = YES;
				IPHONEOS_DEPLOYMENT_TARGET = 6.1;
				ONLY_ACTIVE_ARCH = YES;
				SDKROOT = iphoneos;
			};
			name = Debug;
		};
		11BDB41D180EF8340012A05C /* Release */ = {
			isa = XCBuildConfiguration;
			buildSettings = {
				ALWAYS_SEARCH_USER_PATHS = NO;
				CLANG_CXX_LANGUAGE_STANDARD = "gnu++0x";
				CLANG_CXX_LIBRARY = "libc++";
				CLANG_ENABLE_OBJC_ARC = YES;
				CLANG_WARN_CONSTANT_CONVERSION = YES;
				CLANG_WARN_EMPTY_BODY = YES;
				CLANG_WARN_ENUM_CONVERSION = YES;
				CLANG_WARN_INT_CONVERSION = YES;
				CLANG_WARN__DUPLICATE_METHOD_MATCH = YES;
				"CODE_SIGN_IDENTITY[sdk=iphoneos*]" = "iPhone Developer";
				COPY_PHASE_STRIP = YES;
				GCC_C_LANGUAGE_STANDARD = gnu99;
				GCC_WARN_ABOUT_RETURN_TYPE = YES;
				GCC_WARN_UNINITIALIZED_AUTOS = YES;
				GCC_WARN_UNUSED_VARIABLE = YES;
				IPHONEOS_DEPLOYMENT_TARGET = 6.1;
				OTHER_CFLAGS = "-DNS_BLOCK_ASSERTIONS=1";
				SDKROOT = iphoneos;
				VALIDATE_PRODUCT = YES;
			};
			name = Release;
		};
		11BDB41F180EF8340012A05C /* Debug */ = {
			isa = XCBuildConfiguration;
			baseConfigurationReference = 7EEDFE40F94C4C58B452BBAC /* Pods.xcconfig */;
			buildSettings = {
				GCC_PRECOMPILE_PREFIX_HEADER = YES;
				GCC_PREFIX_HEADER = "Karizma/Karizma-Prefix.pch";
				INFOPLIST_FILE = "Karizma/Karizma-Info.plist";
				IPHONEOS_DEPLOYMENT_TARGET = 5.0;
				PRODUCT_NAME = "$(TARGET_NAME)";
				WRAPPER_EXTENSION = app;
			};
			name = Debug;
		};
		11BDB420180EF8340012A05C /* Release */ = {
			isa = XCBuildConfiguration;
			baseConfigurationReference = 7EEDFE40F94C4C58B452BBAC /* Pods.xcconfig */;
			buildSettings = {
				GCC_PRECOMPILE_PREFIX_HEADER = YES;
				GCC_PREFIX_HEADER = "Karizma/Karizma-Prefix.pch";
				INFOPLIST_FILE = "Karizma/Karizma-Info.plist";
				IPHONEOS_DEPLOYMENT_TARGET = 5.0;
				PRODUCT_NAME = "$(TARGET_NAME)";
				WRAPPER_EXTENSION = app;
			};
			name = Release;
		};
		11BDB43D180F03E40012A05C /* Debug */ = {
			isa = XCBuildConfiguration;
			buildSettings = {
				PRODUCT_NAME = "$(TARGET_NAME)";
			};
			name = Debug;
		};
		11BDB43E180F03E40012A05C /* Release */ = {
			isa = XCBuildConfiguration;
			buildSettings = {
				PRODUCT_NAME = "$(TARGET_NAME)";
			};
			name = Release;
		};
/* End XCBuildConfiguration section */

/* Begin XCConfigurationList section */
		11BDB3F7180EF8340012A05C /* Build configuration list for PBXProject "Karizma" */ = {
			isa = XCConfigurationList;
			buildConfigurations = (
				11BDB41C180EF8340012A05C /* Debug */,
				11BDB41D180EF8340012A05C /* Release */,
			);
			defaultConfigurationIsVisible = 0;
			defaultConfigurationName = Release;
		};
		11BDB41E180EF8340012A05C /* Build configuration list for PBXNativeTarget "Karizma" */ = {
			isa = XCConfigurationList;
			buildConfigurations = (
				11BDB41F180EF8340012A05C /* Debug */,
				11BDB420180EF8340012A05C /* Release */,
			);
			defaultConfigurationIsVisible = 0;
			defaultConfigurationName = Release;
		};
		11BDB43C180F03E40012A05C /* Build configuration list for PBXAggregateTarget "mogenerator" */ = {
			isa = XCConfigurationList;
			buildConfigurations = (
				11BDB43D180F03E40012A05C /* Debug */,
				11BDB43E180F03E40012A05C /* Release */,
			);
			defaultConfigurationIsVisible = 0;
		};
/* End XCConfigurationList section */

/* Begin XCVersionGroup section */
		11BDB437180F03600012A05C /* Karizma.xcdatamodeld */ = {
			isa = XCVersionGroup;
			children = (
				11BDB438180F03600012A05C /* Karizma.xcdatamodel */,
			);
			currentVersion = 11BDB438180F03600012A05C /* Karizma.xcdatamodel */;
			path = Karizma.xcdatamodeld;
			sourceTree = "<group>";
			versionGroupType = wrapper.xcdatamodel;
		};
/* End XCVersionGroup section */
	};
	rootObject = 11BDB3F4180EF8340012A05C /* Project object */;
}
